
Microsoft Visual Studio Solution File, Format Version 12.00
# Visual Studio 15
VisualStudioVersion = 15.0.28010.2046
MinimumVisualStudioVersion = 10.0.40219.1
Project("{FAE04EC0-301F-11D3-BF4B-00C04F79EFBC}") = "DotNetVersionCheck", "DotNetVersionCheck\DotNetVersionCheck.csproj", "{79B26CF6-1062-4A91-B97B-ABDA85ECAB69}"
EndProject
Global
	GlobalSection(SolutionConfigurationPlatforms) = preSolution
		Debug|Any CPU = Debug|Any CPU
		Release|Any CPU = Release|Any CPU
	EndGlobalSection
	GlobalSection(ProjectConfigurationPlatforms) = postSolution
		{79B26CF6-1062-4A91-B97B-ABDA85ECAB69}.Debug|Any CPU.ActiveCfg = Debug|Any CPU
		{79B26CF6-1062-4A91-B97B-ABDA85ECAB69}.Debug|Any CPU.Build.0 = Debug|Any CPU
		{79B26CF6-1062-4A91-B97B-ABDA85ECAB69}.Release|Any CPU.ActiveCfg = Release|Any CPU
		{79B26CF6-1062-4A91-B97B-ABDA85ECAB69}.Release|Any CPU.Build.0 = Release|Any CPU
	EndGlobalSection
	GlobalSection(SolutionProperties) = preSolution
		HideSolutionNode = FALSE
	EndGlobalSection
	GlobalSection(ExtensibilityGlobals) = postSolution
		SolutionGuid = {0ACC8014-FDB5-4F30-A18F-50BDF85FD0A9}
	EndGlobalSection
EndGlobal
